
Microsoft Visual Studio Solution File, Format Version 12.00
# Visual Studio Version 16
VisualStudioVersion = 16.0.31229.75
MinimumVisualStudioVersion = 10.0.40219.1
Project("{9A19103F-16F7-4668-BE54-9A1E7A4F7556}") = "SysTeMate.BMS.Api", "SysTeMate.BMS.Api\SysTeMate.BMS.Api.csproj", "{97580AA0-2A27-4F1F-94AE-4E994984793B}"
EndProject
Project("{9A19103F-16F7-4668-BE54-9A1E7A4F7556}") = "SysTeMate.BMS.Domain", "SysTeMate.BMS.Domain\SysTeMate.BMS.Domain.csproj", "{9887525D-D28E-4581-A987-3C4A0AD260AB}"
EndProject
Project("{9A19103F-16F7-4668-BE54-9A1E7A4F7556}") = "SysTeMate.BMS.Application", "SysTeMate.BMS.Application\SysTeMate.BMS.Application.csproj", "{C2C54656-C1A6-4548-A1FC-775D728DEB63}"
EndProject
Project("{9A19103F-16F7-4668-BE54-9A1E7A4F7556}") = "SysTeMate.BMS.Infrastructure", "SysTeMate.BMS.Infrastructure\SysTeMate.BMS.Infrastructure.csproj", "{3315DB31-FCF2-4123-A7D2-067A5147B18D}"
EndProject
Project("{2150E333-8FDC-42A3-9474-1A3956D46DE8}") = "Tests", "Tests", "{5F996E9E-3522-4A7F-ACFB-1587426FBE43}"
EndProject
Project("{FAE04EC0-301F-11D3-BF4B-00C04F79EFBC}") = "SysTeMate.BMS.Application.UnitTests", "SysTeMate.BMS.Application.UnitTests\SysTeMate.BMS.Application.UnitTests.csproj", "{94C9C03F-958C-477A-9241-A60A17C2E86C}"
EndProject
Global
	GlobalSection(SolutionConfigurationPlatforms) = preSolution
		Debug|Any CPU = Debug|Any CPU
		Release|Any CPU = Release|Any CPU
	EndGlobalSection
	GlobalSection(ProjectConfigurationPlatforms) = postSolution
		{97580AA0-2A27-4F1F-94AE-4E994984793B}.Debug|Any CPU.ActiveCfg = Debug|Any CPU
		{97580AA0-2A27-4F1F-94AE-4E994984793B}.Debug|Any CPU.Build.0 = Debug|Any CPU
		{97580AA0-2A27-4F1F-94AE-4E994984793B}.Release|Any CPU.ActiveCfg = Release|Any CPU
		{97580AA0-2A27-4F1F-94AE-4E994984793B}.Release|Any CPU.Build.0 = Release|Any CPU
		{9887525D-D28E-4581-A987-3C4A0AD260AB}.Debug|Any CPU.ActiveCfg = Debug|Any CPU
		{9887525D-D28E-4581-A987-3C4A0AD260AB}.Debug|Any CPU.Build.0 = Debug|Any CPU
		{9887525D-D28E-4581-A987-3C4A0AD260AB}.Release|Any CPU.ActiveCfg = Release|Any CPU
		{9887525D-D28E-4581-A987-3C4A0AD260AB}.Release|Any CPU.Build.0 = Release|Any CPU
		{C2C54656-C1A6-4548-A1FC-775D728DEB63}.Debug|Any CPU.ActiveCfg = Debug|Any CPU
		{C2C54656-C1A6-4548-A1FC-775D728DEB63}.Debug|Any CPU.Build.0 = Debug|Any CPU
		{C2C54656-C1A6-4548-A1FC-775D728DEB63}.Release|Any CPU.ActiveCfg = Release|Any CPU
		{C2C54656-C1A6-4548-A1FC-775D728DEB63}.Release|Any CPU.Build.0 = Release|Any CPU
		{3315DB31-FCF2-4123-A7D2-067A5147B18D}.Debug|Any CPU.ActiveCfg = Debug|Any CPU
		{3315DB31-FCF2-4123-A7D2-067A5147B18D}.Debug|Any CPU.Build.0 = Debug|Any CPU
		{3315DB31-FCF2-4123-A7D2-067A5147B18D}.Release|Any CPU.ActiveCfg = Release|Any CPU
		{3315DB31-FCF2-4123-A7D2-067A5147B18D}.Release|Any CPU.Build.0 = Release|Any CPU
		{94C9C03F-958C-477A-9241-A60A17C2E86C}.Debug|Any CPU.ActiveCfg = Debug|Any CPU
		{94C9C03F-958C-477A-9241-A60A17C2E86C}.Debug|Any CPU.Build.0 = Debug|Any CPU
		{94C9C03F-958C-477A-9241-A60A17C2E86C}.Release|Any CPU.ActiveCfg = Release|Any CPU
		{94C9C03F-958C-477A-9241-A60A17C2E86C}.Release|Any CPU.Build.0 = Release|Any CPU
	EndGlobalSection
	GlobalSection(SolutionProperties) = preSolution
		HideSolutionNode = FALSE
	EndGlobalSection
	GlobalSection(NestedProjects) = preSolution
		{94C9C03F-958C-477A-9241-A60A17C2E86C} = {5F996E9E-3522-4A7F-ACFB-1587426FBE43}
	EndGlobalSection
	GlobalSection(ExtensibilityGlobals) = postSolution
		SolutionGuid = {429AB6C0-479B-48B0-91E0-3C8DDAF1753D}
	EndGlobalSection
EndGlobal
